
Microsoft Visual Studio Solution File, Format Version 12.00
# Visual Studio Version 16
VisualStudioVersion = 16.0.30114.105
MinimumVisualStudioVersion = 10.0.40219.1
Project("{2150E333-8FDC-42A3-9474-1A3956D46DE8}") = "src", "src", "{4EED0117-91F9-42FF-951C-728E4B8EF7C7}"
EndProject
Project("{FAE04EC0-301F-11D3-BF4B-00C04F79EFBC}") = "Client", "src\Client\Client.csproj", "{64B495B8-9693-4E4C-A2F1-41CB5416475D}"
EndProject
Project("{FAE04EC0-301F-11D3-BF4B-00C04F79EFBC}") = "Library", "src\Library\Library.csproj", "{BA8E4BBF-4509-4E73-8754-C894142D1C99}"
EndProject
Project("{FAE04EC0-301F-11D3-BF4B-00C04F79EFBC}") = "Annotation", "src\Annotation\Annotation.csproj", "{718EECD3-3192-4DFA-B3E7-60E01D803F39}"
EndProject
Global
	GlobalSection(SolutionConfigurationPlatforms) = preSolution
		Debug|Any CPU = Debug|Any CPU
		Release|Any CPU = Release|Any CPU
	EndGlobalSection
	GlobalSection(SolutionProperties) = preSolution
		HideSolutionNode = FALSE
	EndGlobalSection
	GlobalSection(ProjectConfigurationPlatforms) = postSolution
		{64B495B8-9693-4E4C-A2F1-41CB5416475D}.Debug|Any CPU.ActiveCfg = Debug|Any CPU
		{64B495B8-9693-4E4C-A2F1-41CB5416475D}.Debug|Any CPU.Build.0 = Debug|Any CPU
		{64B495B8-9693-4E4C-A2F1-41CB5416475D}.Release|Any CPU.ActiveCfg = Release|Any CPU
		{64B495B8-9693-4E4C-A2F1-41CB5416475D}.Release|Any CPU.Build.0 = Release|Any CPU
		{BA8E4BBF-4509-4E73-8754-C894142D1C99}.Debug|Any CPU.ActiveCfg = Debug|Any CPU
		{BA8E4BBF-4509-4E73-8754-C894142D1C99}.Debug|Any CPU.Build.0 = Debug|Any CPU
		{BA8E4BBF-4509-4E73-8754-C894142D1C99}.Release|Any CPU.ActiveCfg = Release|Any CPU
		{BA8E4BBF-4509-4E73-8754-C894142D1C99}.Release|Any CPU.Build.0 = Release|Any CPU
		{718EECD3-3192-4DFA-B3E7-60E01D803F39}.Debug|Any CPU.ActiveCfg = Debug|Any CPU
		{718EECD3-3192-4DFA-B3E7-60E01D803F39}.Debug|Any CPU.Build.0 = Debug|Any CPU
		{718EECD3-3192-4DFA-B3E7-60E01D803F39}.Release|Any CPU.ActiveCfg = Release|Any CPU
		{718EECD3-3192-4DFA-B3E7-60E01D803F39}.Release|Any CPU.Build.0 = Release|Any CPU
	EndGlobalSection
	GlobalSection(NestedProjects) = preSolution
		{64B495B8-9693-4E4C-A2F1-41CB5416475D} = {4EED0117-91F9-42FF-951C-728E4B8EF7C7}
		{BA8E4BBF-4509-4E73-8754-C894142D1C99} = {4EED0117-91F9-42FF-951C-728E4B8EF7C7}
		{718EECD3-3192-4DFA-B3E7-60E01D803F39} = {4EED0117-91F9-42FF-951C-728E4B8EF7C7}
	EndGlobalSection
EndGlobal
